// !$*UTF8*$!
{
	archiveVersion = 1;
	classes = {
	};
	objectVersion = 55;
	objects = {

/* Begin PBXBuildFile section */
		C24842DE27CCA52300DF663D /* DDGLocation.swift in Sources */ = {isa = PBXBuildFile; fileRef = C24842DD27CCA52300DF663D /* DDGLocation.swift */; };
		C261D6F327CB348B00578ABE /* DubDubGrubApp.swift in Sources */ = {isa = PBXBuildFile; fileRef = C261D6F227CB348B00578ABE /* DubDubGrubApp.swift */; };
		C261D6F727CB348C00578ABE /* Assets.xcassets in Resources */ = {isa = PBXBuildFile; fileRef = C261D6F627CB348C00578ABE /* Assets.xcassets */; };
		C261D6FA27CB348C00578ABE /* Preview Assets.xcassets in Resources */ = {isa = PBXBuildFile; fileRef = C261D6F927CB348C00578ABE /* Preview Assets.xcassets */; };
		C261D72627CB3E9700578ABE /* CloudKit.framework in Frameworks */ = {isa = PBXBuildFile; fileRef = C261D72527CB3E9700578ABE /* CloudKit.framework */; };
		C261D72927CB3FDC00578ABE /* Color+Ext.swift in Sources */ = {isa = PBXBuildFile; fileRef = C261D72827CB3FDC00578ABE /* Color+Ext.swift */; };
		C261D72B27CB408200578ABE /* AppTabView.swift in Sources */ = {isa = PBXBuildFile; fileRef = C261D72A27CB408200578ABE /* AppTabView.swift */; };
		C261D73027CB411700578ABE /* LocationMapView.swift in Sources */ = {isa = PBXBuildFile; fileRef = C261D72F27CB411700578ABE /* LocationMapView.swift */; };
		C261D73227CB415600578ABE /* LocationListView.swift in Sources */ = {isa = PBXBuildFile; fileRef = C261D73127CB415600578ABE /* LocationListView.swift */; };
		C261D73427CB416F00578ABE /* ProfileView.swift in Sources */ = {isa = PBXBuildFile; fileRef = C261D73327CB416F00578ABE /* ProfileView.swift */; };
		C2DC56F127CB620100EE5673 /* LocationDetailView.swift in Sources */ = {isa = PBXBuildFile; fileRef = C2DC56F027CB620100EE5673 /* LocationDetailView.swift */; };
		C2DC56F427CB9F7600EE5673 /* Color.xcassets in Resources */ = {isa = PBXBuildFile; fileRef = C2DC56F327CB9F7600EE5673 /* Color.xcassets */; };
		C2DC56F827CBA75500EE5673 /* LocationCell.swift in Sources */ = {isa = PBXBuildFile; fileRef = C2DC56F727CBA75500EE5673 /* LocationCell.swift */; };
		C2DC56FA27CBA89D00EE5673 /* AvatarView.swift in Sources */ = {isa = PBXBuildFile; fileRef = C2DC56F927CBA89D00EE5673 /* AvatarView.swift */; };
/* End PBXBuildFile section */

/* Begin PBXFileReference section */
		C24842DD27CCA52300DF663D /* DDGLocation.swift */ = {isa = PBXFileReference; lastKnownFileType = sourcecode.swift; path = DDGLocation.swift; sourceTree = "<group>"; };
		C261D6EF27CB348B00578ABE /* DubDubGrub.app */ = {isa = PBXFileReference; explicitFileType = wrapper.application; includeInIndex = 0; path = DubDubGrub.app; sourceTree = BUILT_PRODUCTS_DIR; };
		C261D6F227CB348B00578ABE /* DubDubGrubApp.swift */ = {isa = PBXFileReference; lastKnownFileType = sourcecode.swift; path = DubDubGrubApp.swift; sourceTree = "<group>"; };
		C261D6F627CB348C00578ABE /* Assets.xcassets */ = {isa = PBXFileReference; lastKnownFileType = folder.assetcatalog; path = Assets.xcassets; sourceTree = "<group>"; };
		C261D6F927CB348C00578ABE /* Preview Assets.xcassets */ = {isa = PBXFileReference; lastKnownFileType = folder.assetcatalog; path = "Preview Assets.xcassets"; sourceTree = "<group>"; };
		C261D72327CB3E8B00578ABE /* DubDubGrub.entitlements */ = {isa = PBXFileReference; lastKnownFileType = text.plist.entitlements; path = DubDubGrub.entitlements; sourceTree = "<group>"; };
		C261D72527CB3E9700578ABE /* CloudKit.framework */ = {isa = PBXFileReference; lastKnownFileType = wrapper.framework; name = CloudKit.framework; path = System/Library/Frameworks/CloudKit.framework; sourceTree = SDKROOT; };
		C261D72827CB3FDC00578ABE /* Color+Ext.swift */ = {isa = PBXFileReference; lastKnownFileType = sourcecode.swift; path = "Color+Ext.swift"; sourceTree = "<group>"; };
		C261D72A27CB408200578ABE /* AppTabView.swift */ = {isa = PBXFileReference; lastKnownFileType = sourcecode.swift; path = AppTabView.swift; sourceTree = "<group>"; };
		C261D72F27CB411700578ABE /* LocationMapView.swift */ = {isa = PBXFileReference; lastKnownFileType = sourcecode.swift; path = LocationMapView.swift; sourceTree = "<group>"; };
		C261D73127CB415600578ABE /* LocationListView.swift */ = {isa = PBXFileReference; lastKnownFileType = sourcecode.swift; path = LocationListView.swift; sourceTree = "<group>"; };
		C261D73327CB416F00578ABE /* ProfileView.swift */ = {isa = PBXFileReference; lastKnownFileType = sourcecode.swift; path = ProfileView.swift; sourceTree = "<group>"; };
		C2DC56F027CB620100EE5673 /* LocationDetailView.swift */ = {isa = PBXFileReference; lastKnownFileType = sourcecode.swift; path = LocationDetailView.swift; sourceTree = "<group>"; };
		C2DC56F327CB9F7600EE5673 /* Color.xcassets */ = {isa = PBXFileReference; lastKnownFileType = folder.assetcatalog; path = Color.xcassets; sourceTree = "<group>"; };
		C2DC56F727CBA75500EE5673 /* LocationCell.swift */ = {isa = PBXFileReference; lastKnownFileType = sourcecode.swift; path = LocationCell.swift; sourceTree = "<group>"; };
		C2DC56F927CBA89D00EE5673 /* AvatarView.swift */ = {isa = PBXFileReference; lastKnownFileType = sourcecode.swift; path = AvatarView.swift; sourceTree = "<group>"; };
/* End PBXFileReference section */

/* Begin PBXFrameworksBuildPhase section */
		C261D6EC27CB348B00578ABE /* Frameworks */ = {
			isa = PBXFrameworksBuildPhase;
			buildActionMask = 2147483647;
			files = (
				C261D72627CB3E9700578ABE /* CloudKit.framework in Frameworks */,
			);
			runOnlyForDeploymentPostprocessing = 0;
		};
/* End PBXFrameworksBuildPhase section */

/* Begin PBXGroup section */
		C261D6E627CB348B00578ABE = {
			isa = PBXGroup;
			children = (
				C261D6F127CB348B00578ABE /* DubDubGrub */,
				C261D6F027CB348B00578ABE /* Products */,
				C261D72427CB3E9700578ABE /* Frameworks */,
			);
			sourceTree = "<group>";
		};
		C261D6F027CB348B00578ABE /* Products */ = {
			isa = PBXGroup;
			children = (
				C261D6EF27CB348B00578ABE /* DubDubGrub.app */,
			);
			name = Products;
			sourceTree = "<group>";
		};
		C261D6F127CB348B00578ABE /* DubDubGrub */ = {
			isa = PBXGroup;
			children = (
				C261D72E27CB40D100578ABE /* Model */,
				C261D72D27CB40C700578ABE /* ViewModel */,
				C261D72C27CB40BF00578ABE /* View */,
				C261D72727CB3FB300578ABE /* Extension */,
				C261D72327CB3E8B00578ABE /* DubDubGrub.entitlements */,
				C261D6F227CB348B00578ABE /* DubDubGrubApp.swift */,
				C261D6F627CB348C00578ABE /* Assets.xcassets */,
				C2DC56F327CB9F7600EE5673 /* Color.xcassets */,
				C261D6F827CB348C00578ABE /* Preview Content */,
			);
			path = DubDubGrub;
			sourceTree = "<group>";
		};
		C261D6F827CB348C00578ABE /* Preview Content */ = {
			isa = PBXGroup;
			children = (
				C261D6F927CB348C00578ABE /* Preview Assets.xcassets */,
			);
			path = "Preview Content";
			sourceTree = "<group>";
		};
		C261D72427CB3E9700578ABE /* Frameworks */ = {
			isa = PBXGroup;
			children = (
				C261D72527CB3E9700578ABE /* CloudKit.framework */,
			);
			name = Frameworks;
			sourceTree = "<group>";
		};
		C261D72727CB3FB300578ABE /* Extension */ = {
			isa = PBXGroup;
			children = (
				C261D72827CB3FDC00578ABE /* Color+Ext.swift */,
			);
			path = Extension;
			sourceTree = "<group>";
		};
		C261D72C27CB40BF00578ABE /* View */ = {
			isa = PBXGroup;
			children = (
				C261D73527CB41CE00578ABE /* TabView */,
				C261D72A27CB408200578ABE /* AppTabView.swift */,
			);
			path = View;
			sourceTree = "<group>";
		};
		C261D72D27CB40C700578ABE /* ViewModel */ = {
			isa = PBXGroup;
			children = (
			);
			path = ViewModel;
			sourceTree = "<group>";
		};
		C261D72E27CB40D100578ABE /* Model */ = {
			isa = PBXGroup;
			children = (
				C24842DD27CCA52300DF663D /* DDGLocation.swift */,
			);
			path = Model;
			sourceTree = "<group>";
		};
		C261D73527CB41CE00578ABE /* TabView */ = {
			isa = PBXGroup;
			children = (
				C2DC56F627CBA06200EE5673 /*  Profile */,
				C2DC56F527CBA03F00EE5673 /* Location_Map */,
				C2DC56F227CB72C800EE5673 /* Location_List */,
				C2DC56F927CBA89D00EE5673 /* AvatarView.swift */,
			);
			path = TabView;
			sourceTree = "<group>";
		};
		C2DC56F227CB72C800EE5673 /* Location_List */ = {
			isa = PBXGroup;
			children = (
				C2DC56F027CB620100EE5673 /* LocationDetailView.swift */,
				C261D73127CB415600578ABE /* LocationListView.swift */,
				C2DC56F727CBA75500EE5673 /* LocationCell.swift */,
			);
			path = Location_List;
			sourceTree = "<group>";
		};
		C2DC56F527CBA03F00EE5673 /* Location_Map */ = {
			isa = PBXGroup;
			children = (
				C261D72F27CB411700578ABE /* LocationMapView.swift */,
			);
			path = Location_Map;
			sourceTree = "<group>";
		};
		C2DC56F627CBA06200EE5673 /*  Profile */ = {
			isa = PBXGroup;
			children = (
				C261D73327CB416F00578ABE /* ProfileView.swift */,
			);
			path = " Profile";
			sourceTree = "<group>";
		};
/* End PBXGroup section */

/* Begin PBXNativeTarget section */
		C261D6EE27CB348B00578ABE /* DubDubGrub */ = {
			isa = PBXNativeTarget;
			buildConfigurationList = C261D6FD27CB348C00578ABE /* Build configuration list for PBXNativeTarget "DubDubGrub" */;
			buildPhases = (
				C261D6EB27CB348B00578ABE /* Sources */,
				C261D6EC27CB348B00578ABE /* Frameworks */,
				C261D6ED27CB348B00578ABE /* Resources */,
			);
			buildRules = (
			);
			dependencies = (
			);
			name = DubDubGrub;
			productName = DubDubGrub;
			productReference = C261D6EF27CB348B00578ABE /* DubDubGrub.app */;
			productType = "com.apple.product-type.application";
		};
/* End PBXNativeTarget section */

/* Begin PBXProject section */
		C261D6E727CB348B00578ABE /* Project object */ = {
			isa = PBXProject;
			attributes = {
				BuildIndependentTargetsInParallel = 1;
				LastSwiftUpdateCheck = 1310;
				LastUpgradeCheck = 1310;
				TargetAttributes = {
					C261D6EE27CB348B00578ABE = {
						CreatedOnToolsVersion = 13.1;
					};
				};
			};
			buildConfigurationList = C261D6EA27CB348B00578ABE /* Build configuration list for PBXProject "DubDubGrub" */;
			compatibilityVersion = "Xcode 13.0";
			developmentRegion = en;
			hasScannedForEncodings = 0;
			knownRegions = (
				en,
				Base,
			);
			mainGroup = C261D6E627CB348B00578ABE;
			productRefGroup = C261D6F027CB348B00578ABE /* Products */;
			projectDirPath = "";
			projectRoot = "";
			targets = (
				C261D6EE27CB348B00578ABE /* DubDubGrub */,
			);
		};
/* End PBXProject section */

/* Begin PBXResourcesBuildPhase section */
		C261D6ED27CB348B00578ABE /* Resources */ = {
			isa = PBXResourcesBuildPhase;
			buildActionMask = 2147483647;
			files = (
				C261D6FA27CB348C00578ABE /* Preview Assets.xcassets in Resources */,
				C261D6F727CB348C00578ABE /* Assets.xcassets in Resources */,
				C2DC56F427CB9F7600EE5673 /* Color.xcassets in Resources */,
			);
			runOnlyForDeploymentPostprocessing = 0;
		};
/* End PBXResourcesBuildPhase section */

/* Begin PBXSourcesBuildPhase section */
		C261D6EB27CB348B00578ABE /* Sources */ = {
			isa = PBXSourcesBuildPhase;
			buildActionMask = 2147483647;
			files = (
				C261D6F327CB348B00578ABE /* DubDubGrubApp.swift in Sources */,
				C261D73027CB411700578ABE /* LocationMapView.swift in Sources */,
				C261D73227CB415600578ABE /* LocationListView.swift in Sources */,
				C2DC56F127CB620100EE5673 /* LocationDetailView.swift in Sources */,
				C24842DE27CCA52300DF663D /* DDGLocation.swift in Sources */,
				C261D72B27CB408200578ABE /* AppTabView.swift in Sources */,
				C261D73427CB416F00578ABE /* ProfileView.swift in Sources */,
				C2DC56F827CBA75500EE5673 /* LocationCell.swift in Sources */,
				C2DC56FA27CBA89D00EE5673 /* AvatarView.swift in Sources */,
				C261D72927CB3FDC00578ABE /* Color+Ext.swift in Sources */,
			);
			runOnlyForDeploymentPostprocessing = 0;
		};
/* End PBXSourcesBuildPhase section */

/* Begin XCBuildConfiguration section */
		C261D6FB27CB348C00578ABE /* Debug */ = {
			isa = XCBuildConfiguration;
			buildSettings = {
				ALWAYS_SEARCH_USER_PATHS = NO;
				CLANG_ANALYZER_NONNULL = YES;
				CLANG_ANALYZER_NUMBER_OBJECT_CONVERSION = YES_AGGRESSIVE;
				CLANG_CXX_LANGUAGE_STANDARD = "gnu++17";
				CLANG_CXX_LIBRARY = "libc++";
				CLANG_ENABLE_MODULES = YES;
				CLANG_ENABLE_OBJC_ARC = YES;
				CLANG_ENABLE_OBJC_WEAK = YES;
				CLANG_WARN_BLOCK_CAPTURE_AUTORELEASING = YES;
				CLANG_WARN_BOOL_CONVERSION = YES;
				CLANG_WARN_COMMA = YES;
				CLANG_WARN_CONSTANT_CONVERSION = YES;
				CLANG_WARN_DEPRECATED_OBJC_IMPLEMENTATIONS = YES;
				CLANG_WARN_DIRECT_OBJC_ISA_USAGE = YES_ERROR;
				CLANG_WARN_DOCUMENTATION_COMMENTS = YES;
				CLANG_WARN_EMPTY_BODY = YES;
				CLANG_WARN_ENUM_CONVERSION = YES;
				CLANG_WARN_INFINITE_RECURSION = YES;
				CLANG_WARN_INT_CONVERSION = YES;
				CLANG_WARN_NON_LITERAL_NULL_CONVERSION = YES;
				CLANG_WARN_OBJC_IMPLICIT_RETAIN_SELF = YES;
				CLANG_WARN_OBJC_LITERAL_CONVERSION = YES;
				CLANG_WARN_OBJC_ROOT_CLASS = YES_ERROR;
				CLANG_WARN_QUOTED_INCLUDE_IN_FRAMEWORK_HEADER = YES;
				CLANG_WARN_RANGE_LOOP_ANALYSIS = YES;
				CLANG_WARN_STRICT_PROTOTYPES = YES;
				CLANG_WARN_SUSPICIOUS_MOVE = YES;
				CLANG_WARN_UNGUARDED_AVAILABILITY = YES_AGGRESSIVE;
				CLANG_WARN_UNREACHABLE_CODE = YES;
				CLANG_WARN__DUPLICATE_METHOD_MATCH = YES;
				COPY_PHASE_STRIP = NO;
				DEBUG_INFORMATION_FORMAT = dwarf;
				ENABLE_STRICT_OBJC_MSGSEND = YES;
				ENABLE_TESTABILITY = YES;
				GCC_C_LANGUAGE_STANDARD = gnu11;
				GCC_DYNAMIC_NO_PIC = NO;
				GCC_NO_COMMON_BLOCKS = YES;
				GCC_OPTIMIZATION_LEVEL = 0;
				GCC_PREPROCESSOR_DEFINITIONS = (
					"DEBUG=1",
					"$(inherited)",
				);
				GCC_WARN_64_TO_32_BIT_CONVERSION = YES;
				GCC_WARN_ABOUT_RETURN_TYPE = YES_ERROR;
				GCC_WARN_UNDECLARED_SELECTOR = YES;
				GCC_WARN_UNINITIALIZED_AUTOS = YES_AGGRESSIVE;
				GCC_WARN_UNUSED_FUNCTION = YES;
				GCC_WARN_UNUSED_VARIABLE = YES;
				IPHONEOS_DEPLOYMENT_TARGET = 15.0;
				MTL_ENABLE_DEBUG_INFO = INCLUDE_SOURCE;
				MTL_FAST_MATH = YES;
				ONLY_ACTIVE_ARCH = YES;
				SDKROOT = iphoneos;
				SWIFT_ACTIVE_COMPILATION_CONDITIONS = DEBUG;
				SWIFT_OPTIMIZATION_LEVEL = "-Onone";
			};
			name = Debug;
		};
		C261D6FC27CB348C00578ABE /* Release */ = {
			isa = XCBuildConfiguration;
			buildSettings = {
				ALWAYS_SEARCH_USER_PATHS = NO;
				CLANG_ANALYZER_NONNULL = YES;
				CLANG_ANALYZER_NUMBER_OBJECT_CONVERSION = YES_AGGRESSIVE;
				CLANG_CXX_LANGUAGE_STANDARD = "gnu++17";
				CLANG_CXX_LIBRARY = "libc++";
				CLANG_ENABLE_MODULES = YES;
				CLANG_ENABLE_OBJC_ARC = YES;
				CLANG_ENABLE_OBJC_WEAK = YES;
				CLANG_WARN_BLOCK_CAPTURE_AUTORELEASING = YES;
				CLANG_WARN_BOOL_CONVERSION = YES;
				CLANG_WARN_COMMA = YES;
				CLANG_WARN_CONSTANT_CONVERSION = YES;
				CLANG_WARN_DEPRECATED_OBJC_IMPLEMENTATIONS = YES;
				CLANG_WARN_DIRECT_OBJC_ISA_USAGE = YES_ERROR;
				CLANG_WARN_DOCUMENTATION_COMMENTS = YES;
				CLANG_WARN_EMPTY_BODY = YES;
				CLANG_WARN_ENUM_CONVERSION = YES;
				CLANG_WARN_INFINITE_RECURSION = YES;
				CLANG_WARN_INT_CONVERSION = YES;
				CLANG_WARN_NON_LITERAL_NULL_CONVERSION = YES;
				CLANG_WARN_OBJC_IMPLICIT_RETAIN_SELF = YES;
				CLANG_WARN_OBJC_LITERAL_CONVERSION = YES;
				CLANG_WARN_OBJC_ROOT_CLASS = YES_ERROR;
				CLANG_WARN_QUOTED_INCLUDE_IN_FRAMEWORK_HEADER = YES;
				CLANG_WARN_RANGE_LOOP_ANALYSIS = YES;
				CLANG_WARN_STRICT_PROTOTYPES = YES;
				CLANG_WARN_SUSPICIOUS_MOVE = YES;
				CLANG_WARN_UNGUARDED_AVAILABILITY = YES_AGGRESSIVE;
				CLANG_WARN_UNREACHABLE_CODE = YES;
				CLANG_WARN__DUPLICATE_METHOD_MATCH = YES;
				COPY_PHASE_STRIP = NO;
				DEBUG_INFORMATION_FORMAT = "dwarf-with-dsym";
				ENABLE_NS_ASSERTIONS = NO;
				ENABLE_STRICT_OBJC_MSGSEND = YES;
				GCC_C_LANGUAGE_STANDARD = gnu11;
				GCC_NO_COMMON_BLOCKS = YES;
				GCC_WARN_64_TO_32_BIT_CONVERSION = YES;
				GCC_WARN_ABOUT_RETURN_TYPE = YES_ERROR;
				GCC_WARN_UNDECLARED_SELECTOR = YES;
				GCC_WARN_UNINITIALIZED_AUTOS = YES_AGGRESSIVE;
				GCC_WARN_UNUSED_FUNCTION = YES;
				GCC_WARN_UNUSED_VARIABLE = YES;
				IPHONEOS_DEPLOYMENT_TARGET = 15.0;
				MTL_ENABLE_DEBUG_INFO = NO;
				MTL_FAST_MATH = YES;
				SDKROOT = iphoneos;
				SWIFT_COMPILATION_MODE = wholemodule;
				SWIFT_OPTIMIZATION_LEVEL = "-O";
				VALIDATE_PRODUCT = YES;
			};
			name = Release;
		};
		C261D6FE27CB348C00578ABE /* Debug */ = {
			isa = XCBuildConfiguration;
			buildSettings = {
				ASSETCATALOG_COMPILER_APPICON_NAME = AppIcon;
				ASSETCATALOG_COMPILER_GLOBAL_ACCENT_COLOR_NAME = AccentColor;
				CODE_SIGN_ENTITLEMENTS = DubDubGrub/DubDubGrub.entitlements;
				CODE_SIGN_IDENTITY = "Apple Development";
				CODE_SIGN_STYLE = Automatic;
				CURRENT_PROJECT_VERSION = 1;
				DEVELOPMENT_ASSET_PATHS = "\"DubDubGrub/Preview Content\"";
				DEVELOPMENT_TEAM = SB52S4673U;
				ENABLE_PREVIEWS = YES;
				GENERATE_INFOPLIST_FILE = YES;
				INFOPLIST_KEY_UIApplicationSceneManifest_Generation = YES;
				INFOPLIST_KEY_UIApplicationSupportsIndirectInputEvents = YES;
				INFOPLIST_KEY_UILaunchScreen_Generation = YES;
				INFOPLIST_KEY_UISupportedInterfaceOrientations_iPad = "UIInterfaceOrientationPortrait UIInterfaceOrientationPortraitUpsideDown UIInterfaceOrientationLandscapeLeft UIInterfaceOrientationLandscapeRight";
				INFOPLIST_KEY_UISupportedInterfaceOrientations_iPhone = "UIInterfaceOrientationPortrait UIInterfaceOrientationLandscapeLeft UIInterfaceOrientationLandscapeRight";
				LD_RUNPATH_SEARCH_PATHS = (
					"$(inherited)",
					"@executable_path/Frameworks",
				);
				MARKETING_VERSION = 1.0;
				PRODUCT_BUNDLE_IDENTIFIER = AsemElkouli.DubDubGrub;
				PRODUCT_NAME = "$(TARGET_NAME)";
				PROVISIONING_PROFILE_SPECIFIER = "";
				SWIFT_EMIT_LOC_STRINGS = YES;
				SWIFT_VERSION = 5.0;
				TARGETED_DEVICE_FAMILY = "1,2";
			};
			name = Debug;
		};
		C261D6FF27CB348C00578ABE /* Release */ = {
			isa = XCBuildConfiguration;
			buildSettings = {
				ASSETCATALOG_COMPILER_APPICON_NAME = AppIcon;
				ASSETCATALOG_COMPILER_GLOBAL_ACCENT_COLOR_NAME = AccentColor;
				CODE_SIGN_ENTITLEMENTS = DubDubGrub/DubDubGrub.entitlements;
				CODE_SIGN_IDENTITY = "Apple Development";
				CODE_SIGN_STYLE = Automatic;
				CURRENT_PROJECT_VERSION = 1;
				DEVELOPMENT_ASSET_PATHS = "\"DubDubGrub/Preview Content\"";
				DEVELOPMENT_TEAM = SB52S4673U;
				ENABLE_PREVIEWS = YES;
				GENERATE_INFOPLIST_FILE = YES;
				INFOPLIST_KEY_UIApplicationSceneManifest_Generation = YES;
				INFOPLIST_KEY_UIApplicationSupportsIndirectInputEvents = YES;
				INFOPLIST_KEY_UILaunchScreen_Generation = YES;
				INFOPLIST_KEY_UISupportedInterfaceOrientations_iPad = "UIInterfaceOrientationPortrait UIInterfaceOrientationPortraitUpsideDown UIInterfaceOrientationLandscapeLeft UIInterfaceOrientationLandscapeRight";
				INFOPLIST_KEY_UISupportedInterfaceOrientations_iPhone = "UIInterfaceOrientationPortrait UIInterfaceOrientationLandscapeLeft UIInterfaceOrientationLandscapeRight";
				LD_RUNPATH_SEARCH_PATHS = (
					"$(inherited)",
					"@executable_path/Frameworks",
				);
				MARKETING_VERSION = 1.0;
				PRODUCT_BUNDLE_IDENTIFIER = AsemElkouli.DubDubGrub;
				PRODUCT_NAME = "$(TARGET_NAME)";
				PROVISIONING_PROFILE_SPECIFIER = "";
				SWIFT_EMIT_LOC_STRINGS = YES;
				SWIFT_VERSION = 5.0;
				TARGETED_DEVICE_FAMILY = "1,2";
			};
			name = Release;
		};
/* End XCBuildConfiguration section */

/* Begin XCConfigurationList section */
		C261D6EA27CB348B00578ABE /* Build configuration list for PBXProject "DubDubGrub" */ = {
			isa = XCConfigurationList;
			buildConfigurations = (
				C261D6FB27CB348C00578ABE /* Debug */,
				C261D6FC27CB348C00578ABE /* Release */,
			);
			defaultConfigurationIsVisible = 0;
			defaultConfigurationName = Release;
		};
		C261D6FD27CB348C00578ABE /* Build configuration list for PBXNativeTarget "DubDubGrub" */ = {
			isa = XCConfigurationList;
			buildConfigurations = (
				C261D6FE27CB348C00578ABE /* Debug */,
				C261D6FF27CB348C00578ABE /* Release */,
			);
			defaultConfigurationIsVisible = 0;
			defaultConfigurationName = Release;
		};
/* End XCConfigurationList section */
	};
	rootObject = C261D6E727CB348B00578ABE /* Project object */;
}
